
Microsoft Visual Studio Solution File, Format Version 12.00
# Visual Studio Version 17
VisualStudioVersion = 17.7.34024.191
MinimumVisualStudioVersion = 10.0.40219.1
Project("{2150E333-8FDC-42A3-9474-1A3956D46DE8}") = "Task0", "Task0", "{C6997926-6E7B-4B85-98B6-1DEC092B6EAF}"
EndProject
Project("{FAE04EC0-301F-11D3-BF4B-00C04F79EFBC}") = "Tyuiu.BeketovVN.Sprint3.Task0.V21", "Tyuiu.BeketovVN.Sprint3.Task0.V21\Tyuiu.BeketovVN.Sprint3.Task0.V21.csproj", "{C531CC7C-E2F7-47EB-AC80-49FC72A27222}"
EndProject
Project("{FAE04EC0-301F-11D3-BF4B-00C04F79EFBC}") = "Tyuiu.BeketovVN.Sprint3.Task0.V21.Lib", "Tyuiu.BeketovVN.Sprint3.Task0.V21.Lib\Tyuiu.BeketovVN.Sprint3.Task0.V21.Lib.csproj", "{D9EF7DAB-43E2-49B4-96C2-3C6D591EBF88}"
EndProject
Project("{FAE04EC0-301F-11D3-BF4B-00C04F79EFBC}") = "Tyuiu.BeketovVN.Sprint3.Task0.V21.Test", "Tyuiu.BeketovVN.Sprint3.Task0.V21.Test\Tyuiu.BeketovVN.Sprint3.Task0.V21.Test.csproj", "{80989A5D-46D8-4C32-8576-F0E9F01B5060}"
EndProject
Project("{2150E333-8FDC-42A3-9474-1A3956D46DE8}") = "Task1", "Task1", "{3AAB9E1E-F30A-4876-AFE2-45EB89A15498}"
EndProject
Project("{FAE04EC0-301F-11D3-BF4B-00C04F79EFBC}") = "Tyuiu.BeketovVN.Sprint3.Task1.V17", "Tyuiu.BeketovVN.Sprint3.Task1.V17\Tyuiu.BeketovVN.Sprint3.Task1.V17.csproj", "{E418C803-3D70-4628-B5B3-748C5F2C9253}"
EndProject
Project("{FAE04EC0-301F-11D3-BF4B-00C04F79EFBC}") = "Tyuiu.BeketovVN.Sprint3.Task1.V17.Lib", "Tyuiu.BeketovVN.Sprint3.Task1.V17.Lib\Tyuiu.BeketovVN.Sprint3.Task1.V17.Lib.csproj", "{DA448E00-9A76-44C6-99CD-B79C19F9A8CF}"
EndProject
Project("{FAE04EC0-301F-11D3-BF4B-00C04F79EFBC}") = "Tyuiu.BeketovVN.Sprint3.Task1.V17.Test", "Tyuiu.BeketovVN.Sprint3.Task1.V17.Test\Tyuiu.BeketovVN.Sprint3.Task1.V17.Test.csproj", "{D73D1A69-83DA-42A4-9F84-95C6B5AD5815}"
EndProject
Project("{2150E333-8FDC-42A3-9474-1A3956D46DE8}") = "Task2", "Task2", "{2C6D3D5E-7E2B-43A6-B6FC-17777BD6CD35}"
EndProject
Project("{FAE04EC0-301F-11D3-BF4B-00C04F79EFBC}") = "Tyuiu.BeketovVN.Sprint3.Task2.V5", "Tyuiu.BeketovVN.Sprint3.Task2.V5\Tyuiu.BeketovVN.Sprint3.Task2.V5.csproj", "{B51E13FE-07B4-44D7-8019-AF8413ADC930}"
EndProject
Project("{FAE04EC0-301F-11D3-BF4B-00C04F79EFBC}") = "Tyuiu.BeketovVN.Sprint3.Task2.V5.Lib", "Tyuiu.BeketovVN.Sprint3.Task2.V5.Lib\Tyuiu.BeketovVN.Sprint3.Task2.V5.Lib.csproj", "{877E9FB4-D855-4E77-AA76-021AFD71B80F}"
EndProject
Project("{FAE04EC0-301F-11D3-BF4B-00C04F79EFBC}") = "Tyuiu.BeketovVN.Sprint3.Task2.V5.Test", "Tyuiu.BeketovVN.Sprint3.Task2.V5.Test\Tyuiu.BeketovVN.Sprint3.Task2.V5.Test.csproj", "{3101A2FF-1CDA-424E-AD72-EC47493DC9C2}"
EndProject
Project("{2150E333-8FDC-42A3-9474-1A3956D46DE8}") = "Task3", "Task3", "{53DC9DA3-6CD2-4A65-96CA-CCCC62983FFA}"
EndProject
Project("{FAE04EC0-301F-11D3-BF4B-00C04F79EFBC}") = "Tyuiu.BeketovVN.Sprint3.Task3.V30", "Tyuiu.BeketovVN.Sprint3.Task3.V30\Tyuiu.BeketovVN.Sprint3.Task3.V30.csproj", "{9DF8E7A2-87CB-4D17-BCB7-F5E8305AD210}"
EndProject
Project("{FAE04EC0-301F-11D3-BF4B-00C04F79EFBC}") = "Tyuiu.BeketovVN.Sprint3.Task3.V30.Lib", "Tyuiu.BeketovVN.Sprint3.Task3.V30.Lib\Tyuiu.BeketovVN.Sprint3.Task3.V30.Lib.csproj", "{BE8CEB15-F17E-419F-AA3F-B4F9597B9AF8}"
EndProject
Project("{FAE04EC0-301F-11D3-BF4B-00C04F79EFBC}") = "Tyuiu.BeketovVN.Sprint3.Task3.V30.Test", "Tyuiu.BeketovVN.Sprint3.Task3.V30.Test\Tyuiu.BeketovVN.Sprint3.Task3.V30.Test.csproj", "{4102DCA2-0D4C-47B7-850A-DE501D5782B9}"
EndProject
Project("{2150E333-8FDC-42A3-9474-1A3956D46DE8}") = "Task4", "Task4", "{AAED6802-AFBD-474D-8DF6-24BFFD7BA0DE}"
EndProject
Project("{FAE04EC0-301F-11D3-BF4B-00C04F79EFBC}") = "Tyuiu.BeketovVN.Sprint3.Task4.V8", "Tyuiu.BeketovVN.Sprint3.Task4.V8\Tyuiu.BeketovVN.Sprint3.Task4.V8.csproj", "{FA47D1F5-3598-40D4-BB41-9441B765DDAD}"
EndProject
Project("{FAE04EC0-301F-11D3-BF4B-00C04F79EFBC}") = "Tyuiu.BeketovVN.Sprint3.Task4.V8.Lib", "Tyuiu.BeketovVN.Sprint3.Task4.V8.Lib\Tyuiu.BeketovVN.Sprint3.Task4.V8.Lib.csproj", "{04F553AB-7718-423A-9EB3-F7EC4DD7FE0D}"
EndProject
Project("{FAE04EC0-301F-11D3-BF4B-00C04F79EFBC}") = "Tyuiu.BeketovVN.Sprint3.Task4.V8.Test", "Tyuiu.BeketovVN.Sprint3.Task4.V8.Test\Tyuiu.BeketovVN.Sprint3.Task4.V8.Test.csproj", "{BA0A0902-B6F6-4508-84B5-090EB04E53C4}"
EndProject
Project("{2150E333-8FDC-42A3-9474-1A3956D46DE8}") = "Task5", "Task5", "{80B569ED-2D00-44B2-BF92-A79A689BC11B}"
EndProject
Project("{FAE04EC0-301F-11D3-BF4B-00C04F79EFBC}") = "Tyuiu.BeketovVN.Sprint3.Task5.V28", "Tyuiu.BeketovVN.Sprint3.Task5.V28\Tyuiu.BeketovVN.Sprint3.Task5.V28.csproj", "{6B50971B-5B3C-4DC6-86E3-5DC2AE67ADC4}"
EndProject
Project("{FAE04EC0-301F-11D3-BF4B-00C04F79EFBC}") = "Tyuiu.BeketovVN.Sprint3.Task5.V28.Lib", "Tyuiu.BeketovVN.Sprint3.Task5.V28.Lib\Tyuiu.BeketovVN.Sprint3.Task5.V28.Lib.csproj", "{4557701B-2AC5-428F-9A65-0AEE1B877B0C}"
EndProject
Project("{FAE04EC0-301F-11D3-BF4B-00C04F79EFBC}") = "Tyuiu.BeketovVN.Sprint3.Task5.V28.Test", "Tyuiu.BeketovVN.Sprint3.Task5.V28.Test\Tyuiu.BeketovVN.Sprint3.Task5.V28.Test.csproj", "{073EC211-D2C3-483E-92D9-81993212F674}"
EndProject
Project("{2150E333-8FDC-42A3-9474-1A3956D46DE8}") = "Task6", "Task6", "{D1A64DEC-72A9-4E83-AB2F-70D3206BA540}"
EndProject
Project("{FAE04EC0-301F-11D3-BF4B-00C04F79EFBC}") = "Tyuiu.BeketovVN.Sprint3.Task6.V13", "Tyuiu.BeketovVN.Sprint3.Task6.V13\Tyuiu.BeketovVN.Sprint3.Task6.V13.csproj", "{9183186C-3A4C-402A-87DB-BD96DA2964F6}"
EndProject
Project("{FAE04EC0-301F-11D3-BF4B-00C04F79EFBC}") = "Tyuiu.BeketovVN.Sprint3.Task6.V13.Lib", "Tyuiu.BeketovVN.Sprint3.Task6.V13.Lib\Tyuiu.BeketovVN.Sprint3.Task6.V13.Lib.csproj", "{D8F6FAB3-9B5A-47F1-8C54-F038E3E1E539}"
EndProject
Project("{FAE04EC0-301F-11D3-BF4B-00C04F79EFBC}") = "Tyuiu.BeketovVN.Sprint3.Task6.V13.Test", "Tyuiu.BeketovVN.Sprint3.Task6.V13.Test\Tyuiu.BeketovVN.Sprint3.Task6.V13.Test.csproj", "{3FE78A65-18E6-4575-A8B2-297EF5A00E31}"
EndProject
Global
	GlobalSection(SolutionConfigurationPlatforms) = preSolution
		Debug|Any CPU = Debug|Any CPU
		Release|Any CPU = Release|Any CPU
	EndGlobalSection
	GlobalSection(ProjectConfigurationPlatforms) = postSolution
		{C531CC7C-E2F7-47EB-AC80-49FC72A27222}.Debug|Any CPU.ActiveCfg = Debug|Any CPU
		{C531CC7C-E2F7-47EB-AC80-49FC72A27222}.Debug|Any CPU.Build.0 = Debug|Any CPU
		{C531CC7C-E2F7-47EB-AC80-49FC72A27222}.Release|Any CPU.ActiveCfg = Release|Any CPU
		{C531CC7C-E2F7-47EB-AC80-49FC72A27222}.Release|Any CPU.Build.0 = Release|Any CPU
		{D9EF7DAB-43E2-49B4-96C2-3C6D591EBF88}.Debug|Any CPU.ActiveCfg = Debug|Any CPU
		{D9EF7DAB-43E2-49B4-96C2-3C6D591EBF88}.Debug|Any CPU.Build.0 = Debug|Any CPU
		{D9EF7DAB-43E2-49B4-96C2-3C6D591EBF88}.Release|Any CPU.ActiveCfg = Release|Any CPU
		{D9EF7DAB-43E2-49B4-96C2-3C6D591EBF88}.Release|Any CPU.Build.0 = Release|Any CPU
		{80989A5D-46D8-4C32-8576-F0E9F01B5060}.Debug|Any CPU.ActiveCfg = Debug|Any CPU
		{80989A5D-46D8-4C32-8576-F0E9F01B5060}.Debug|Any CPU.Build.0 = Debug|Any CPU
		{80989A5D-46D8-4C32-8576-F0E9F01B5060}.Release|Any CPU.ActiveCfg = Release|Any CPU
		{80989A5D-46D8-4C32-8576-F0E9F01B5060}.Release|Any CPU.Build.0 = Release|Any CPU
		{E418C803-3D70-4628-B5B3-748C5F2C9253}.Debug|Any CPU.ActiveCfg = Debug|Any CPU
		{E418C803-3D70-4628-B5B3-748C5F2C9253}.Debug|Any CPU.Build.0 = Debug|Any CPU
		{E418C803-3D70-4628-B5B3-748C5F2C9253}.Release|Any CPU.ActiveCfg = Release|Any CPU
		{E418C803-3D70-4628-B5B3-748C5F2C9253}.Release|Any CPU.Build.0 = Release|Any CPU
		{DA448E00-9A76-44C6-99CD-B79C19F9A8CF}.Debug|Any CPU.ActiveCfg = Debug|Any CPU
		{DA448E00-9A76-44C6-99CD-B79C19F9A8CF}.Debug|Any CPU.Build.0 = Debug|Any CPU
		{DA448E00-9A76-44C6-99CD-B79C19F9A8CF}.Release|Any CPU.ActiveCfg = Release|Any CPU
		{DA448E00-9A76-44C6-99CD-B79C19F9A8CF}.Release|Any CPU.Build.0 = Release|Any CPU
		{D73D1A69-83DA-42A4-9F84-95C6B5AD5815}.Debug|Any CPU.ActiveCfg = Debug|Any CPU
		{D73D1A69-83DA-42A4-9F84-95C6B5AD5815}.Debug|Any CPU.Build.0 = Debug|Any CPU
		{D73D1A69-83DA-42A4-9F84-95C6B5AD5815}.Release|Any CPU.ActiveCfg = Release|Any CPU
		{D73D1A69-83DA-42A4-9F84-95C6B5AD5815}.Release|Any CPU.Build.0 = Release|Any CPU
		{B51E13FE-07B4-44D7-8019-AF8413ADC930}.Debug|Any CPU.ActiveCfg = Debug|Any CPU
		{B51E13FE-07B4-44D7-8019-AF8413ADC930}.Debug|Any CPU.Build.0 = Debug|Any CPU
		{B51E13FE-07B4-44D7-8019-AF8413ADC930}.Release|Any CPU.ActiveCfg = Release|Any CPU
		{B51E13FE-07B4-44D7-8019-AF8413ADC930}.Release|Any CPU.Build.0 = Release|Any CPU
		{877E9FB4-D855-4E77-AA76-021AFD71B80F}.Debug|Any CPU.ActiveCfg = Debug|Any CPU
		{877E9FB4-D855-4E77-AA76-021AFD71B80F}.Debug|Any CPU.Build.0 = Debug|Any CPU
		{877E9FB4-D855-4E77-AA76-021AFD71B80F}.Release|Any CPU.ActiveCfg = Release|Any CPU
		{877E9FB4-D855-4E77-AA76-021AFD71B80F}.Release|Any CPU.Build.0 = Release|Any CPU
		{3101A2FF-1CDA-424E-AD72-EC47493DC9C2}.Debug|Any CPU.ActiveCfg = Debug|Any CPU
		{3101A2FF-1CDA-424E-AD72-EC47493DC9C2}.Debug|Any CPU.Build.0 = Debug|Any CPU
		{3101A2FF-1CDA-424E-AD72-EC47493DC9C2}.Release|Any CPU.ActiveCfg = Release|Any CPU
		{3101A2FF-1CDA-424E-AD72-EC47493DC9C2}.Release|Any CPU.Build.0 = Release|Any CPU
		{9DF8E7A2-87CB-4D17-BCB7-F5E8305AD210}.Debug|Any CPU.ActiveCfg = Debug|Any CPU
		{9DF8E7A2-87CB-4D17-BCB7-F5E8305AD210}.Debug|Any CPU.Build.0 = Debug|Any CPU
		{9DF8E7A2-87CB-4D17-BCB7-F5E8305AD210}.Release|Any CPU.ActiveCfg = Release|Any CPU
		{9DF8E7A2-87CB-4D17-BCB7-F5E8305AD210}.Release|Any CPU.Build.0 = Release|Any CPU
		{BE8CEB15-F17E-419F-AA3F-B4F9597B9AF8}.Debug|Any CPU.ActiveCfg = Debug|Any CPU
		{BE8CEB15-F17E-419F-AA3F-B4F9597B9AF8}.Debug|Any CPU.Build.0 = Debug|Any CPU
		{BE8CEB15-F17E-419F-AA3F-B4F9597B9AF8}.Release|Any CPU.ActiveCfg = Release|Any CPU
		{BE8CEB15-F17E-419F-AA3F-B4F9597B9AF8}.Release|Any CPU.Build.0 = Release|Any CPU
		{4102DCA2-0D4C-47B7-850A-DE501D5782B9}.Debug|Any CPU.ActiveCfg = Debug|Any CPU
		{4102DCA2-0D4C-47B7-850A-DE501D5782B9}.Debug|Any CPU.Build.0 = Debug|Any CPU
		{4102DCA2-0D4C-47B7-850A-DE501D5782B9}.Release|Any CPU.ActiveCfg = Release|Any CPU
		{4102DCA2-0D4C-47B7-850A-DE501D5782B9}.Release|Any CPU.Build.0 = Release|Any CPU
		{FA47D1F5-3598-40D4-BB41-9441B765DDAD}.Debug|Any CPU.ActiveCfg = Debug|Any CPU
		{FA47D1F5-3598-40D4-BB41-9441B765DDAD}.Debug|Any CPU.Build.0 = Debug|Any CPU
		{FA47D1F5-3598-40D4-BB41-9441B765DDAD}.Release|Any CPU.ActiveCfg = Release|Any CPU
		{FA47D1F5-3598-40D4-BB41-9441B765DDAD}.Release|Any CPU.Build.0 = Release|Any CPU
		{04F553AB-7718-423A-9EB3-F7EC4DD7FE0D}.Debug|Any CPU.ActiveCfg = Debug|Any CPU
		{04F553AB-7718-423A-9EB3-F7EC4DD7FE0D}.Debug|Any CPU.Build.0 = Debug|Any CPU
		{04F553AB-7718-423A-9EB3-F7EC4DD7FE0D}.Release|Any CPU.ActiveCfg = Release|Any CPU
		{04F553AB-7718-423A-9EB3-F7EC4DD7FE0D}.Release|Any CPU.Build.0 = Release|Any CPU
		{BA0A0902-B6F6-4508-84B5-090EB04E53C4}.Debug|Any CPU.ActiveCfg = Debug|Any CPU
		{BA0A0902-B6F6-4508-84B5-090EB04E53C4}.Debug|Any CPU.Build.0 = Debug|Any CPU
		{BA0A0902-B6F6-4508-84B5-090EB04E53C4}.Release|Any CPU.ActiveCfg = Release|Any CPU
		{BA0A0902-B6F6-4508-84B5-090EB04E53C4}.Release|Any CPU.Build.0 = Release|Any CPU
		{6B50971B-5B3C-4DC6-86E3-5DC2AE67ADC4}.Debug|Any CPU.ActiveCfg = Debug|Any CPU
		{6B50971B-5B3C-4DC6-86E3-5DC2AE67ADC4}.Debug|Any CPU.Build.0 = Debug|Any CPU
		{6B50971B-5B3C-4DC6-86E3-5DC2AE67ADC4}.Release|Any CPU.ActiveCfg = Release|Any CPU
		{6B50971B-5B3C-4DC6-86E3-5DC2AE67ADC4}.Release|Any CPU.Build.0 = Release|Any CPU
		{4557701B-2AC5-428F-9A65-0AEE1B877B0C}.Debug|Any CPU.ActiveCfg = Debug|Any CPU
		{4557701B-2AC5-428F-9A65-0AEE1B877B0C}.Debug|Any CPU.Build.0 = Debug|Any CPU
		{4557701B-2AC5-428F-9A65-0AEE1B877B0C}.Release|Any CPU.ActiveCfg = Release|Any CPU
		{4557701B-2AC5-428F-9A65-0AEE1B877B0C}.Release|Any CPU.Build.0 = Release|Any CPU
		{073EC211-D2C3-483E-92D9-81993212F674}.Debug|Any CPU.ActiveCfg = Debug|Any CPU
		{073EC211-D2C3-483E-92D9-81993212F674}.Debug|Any CPU.Build.0 = Debug|Any CPU
		{073EC211-D2C3-483E-92D9-81993212F674}.Release|Any CPU.ActiveCfg = Release|Any CPU
		{073EC211-D2C3-483E-92D9-81993212F674}.Release|Any CPU.Build.0 = Release|Any CPU
		{9183186C-3A4C-402A-87DB-BD96DA2964F6}.Debug|Any CPU.ActiveCfg = Debug|Any CPU
		{9183186C-3A4C-402A-87DB-BD96DA2964F6}.Debug|Any CPU.Build.0 = Debug|Any CPU
		{9183186C-3A4C-402A-87DB-BD96DA2964F6}.Release|Any CPU.ActiveCfg = Release|Any CPU
		{9183186C-3A4C-402A-87DB-BD96DA2964F6}.Release|Any CPU.Build.0 = Release|Any CPU
		{D8F6FAB3-9B5A-47F1-8C54-F038E3E1E539}.Debug|Any CPU.ActiveCfg = Debug|Any CPU
		{D8F6FAB3-9B5A-47F1-8C54-F038E3E1E539}.Debug|Any CPU.Build.0 = Debug|Any CPU
		{D8F6FAB3-9B5A-47F1-8C54-F038E3E1E539}.Release|Any CPU.ActiveCfg = Release|Any CPU
		{D8F6FAB3-9B5A-47F1-8C54-F038E3E1E539}.Release|Any CPU.Build.0 = Release|Any CPU
		{3FE78A65-18E6-4575-A8B2-297EF5A00E31}.Debug|Any CPU.ActiveCfg = Debug|Any CPU
		{3FE78A65-18E6-4575-A8B2-297EF5A00E31}.Debug|Any CPU.Build.0 = Debug|Any CPU
		{3FE78A65-18E6-4575-A8B2-297EF5A00E31}.Release|Any CPU.ActiveCfg = Release|Any CPU
		{3FE78A65-18E6-4575-A8B2-297EF5A00E31}.Release|Any CPU.Build.0 = Release|Any CPU
	EndGlobalSection
	GlobalSection(SolutionProperties) = preSolution
		HideSolutionNode = FALSE
	EndGlobalSection
	GlobalSection(NestedProjects) = preSolution
		{C531CC7C-E2F7-47EB-AC80-49FC72A27222} = {C6997926-6E7B-4B85-98B6-1DEC092B6EAF}
		{D9EF7DAB-43E2-49B4-96C2-3C6D591EBF88} = {C6997926-6E7B-4B85-98B6-1DEC092B6EAF}
		{80989A5D-46D8-4C32-8576-F0E9F01B5060} = {C6997926-6E7B-4B85-98B6-1DEC092B6EAF}
		{E418C803-3D70-4628-B5B3-748C5F2C9253} = {3AAB9E1E-F30A-4876-AFE2-45EB89A15498}
		{DA448E00-9A76-44C6-99CD-B79C19F9A8CF} = {3AAB9E1E-F30A-4876-AFE2-45EB89A15498}
		{D73D1A69-83DA-42A4-9F84-95C6B5AD5815} = {3AAB9E1E-F30A-4876-AFE2-45EB89A15498}
		{B51E13FE-07B4-44D7-8019-AF8413ADC930} = {2C6D3D5E-7E2B-43A6-B6FC-17777BD6CD35}
		{877E9FB4-D855-4E77-AA76-021AFD71B80F} = {2C6D3D5E-7E2B-43A6-B6FC-17777BD6CD35}
		{3101A2FF-1CDA-424E-AD72-EC47493DC9C2} = {2C6D3D5E-7E2B-43A6-B6FC-17777BD6CD35}
		{9DF8E7A2-87CB-4D17-BCB7-F5E8305AD210} = {53DC9DA3-6CD2-4A65-96CA-CCCC62983FFA}
		{BE8CEB15-F17E-419F-AA3F-B4F9597B9AF8} = {53DC9DA3-6CD2-4A65-96CA-CCCC62983FFA}
		{4102DCA2-0D4C-47B7-850A-DE501D5782B9} = {53DC9DA3-6CD2-4A65-96CA-CCCC62983FFA}
		{FA47D1F5-3598-40D4-BB41-9441B765DDAD} = {AAED6802-AFBD-474D-8DF6-24BFFD7BA0DE}
		{04F553AB-7718-423A-9EB3-F7EC4DD7FE0D} = {AAED6802-AFBD-474D-8DF6-24BFFD7BA0DE}
		{BA0A0902-B6F6-4508-84B5-090EB04E53C4} = {AAED6802-AFBD-474D-8DF6-24BFFD7BA0DE}
		{6B50971B-5B3C-4DC6-86E3-5DC2AE67ADC4} = {80B569ED-2D00-44B2-BF92-A79A689BC11B}
		{4557701B-2AC5-428F-9A65-0AEE1B877B0C} = {80B569ED-2D00-44B2-BF92-A79A689BC11B}
		{073EC211-D2C3-483E-92D9-81993212F674} = {80B569ED-2D00-44B2-BF92-A79A689BC11B}
		{9183186C-3A4C-402A-87DB-BD96DA2964F6} = {D1A64DEC-72A9-4E83-AB2F-70D3206BA540}
		{D8F6FAB3-9B5A-47F1-8C54-F038E3E1E539} = {D1A64DEC-72A9-4E83-AB2F-70D3206BA540}
		{3FE78A65-18E6-4575-A8B2-297EF5A00E31} = {D1A64DEC-72A9-4E83-AB2F-70D3206BA540}
	EndGlobalSection
	GlobalSection(ExtensibilityGlobals) = postSolution
		SolutionGuid = {DEB99801-56A0-4B58-A10C-87052D33DBA0}
	EndGlobalSection
EndGlobal
