
Microsoft Visual Studio Solution File, Format Version 12.00
# Visual Studio Version 17
VisualStudioVersion = 17.7.34024.191
MinimumVisualStudioVersion = 10.0.40219.1
Project("{2150E333-8FDC-42A3-9474-1A3956D46DE8}") = "Task0", "Task0", "{C6997926-6E7B-4B85-98B6-1DEC092B6EAF}"
EndProject
Project("{FAE04EC0-301F-11D3-BF4B-00C04F79EFBC}") = "Tyuiu.BeketovVN.Sprint3.Task0.V21", "Tyuiu.BeketovVN.Sprint3.Task0.V21\Tyuiu.BeketovVN.Sprint3.Task0.V21.csproj", "{C531CC7C-E2F7-47EB-AC80-49FC72A27222}"
EndProject
Project("{FAE04EC0-301F-11D3-BF4B-00C04F79EFBC}") = "Tyuiu.BeketovVN.Sprint3.Task0.V21.Lib", "Tyuiu.BeketovVN.Sprint3.Task0.V21.Lib\Tyuiu.BeketovVN.Sprint3.Task0.V21.Lib.csproj", "{D9EF7DAB-43E2-49B4-96C2-3C6D591EBF88}"
EndProject
Project("{FAE04EC0-301F-11D3-BF4B-00C04F79EFBC}") = "Tyuiu.BeketovVN.Sprint3.Task0.V21.Test", "Tyuiu.BeketovVN.Sprint3.Task0.V21.Test\Tyuiu.BeketovVN.Sprint3.Task0.V21.Test.csproj", "{80989A5D-46D8-4C32-8576-F0E9F01B5060}"
EndProject
Project("{2150E333-8FDC-42A3-9474-1A3956D46DE8}") = "Task1", "Task1", "{3AAB9E1E-F30A-4876-AFE2-45EB89A15498}"
EndProject
Project("{FAE04EC0-301F-11D3-BF4B-00C04F79EFBC}") = "Tyuiu.BeketovVN.Sprint3.Task1.V17", "Tyuiu.BeketovVN.Sprint3.Task1.V17\Tyuiu.BeketovVN.Sprint3.Task1.V17.csproj", "{E418C803-3D70-4628-B5B3-748C5F2C9253}"
EndProject
Project("{FAE04EC0-301F-11D3-BF4B-00C04F79EFBC}") = "Tyuiu.BeketovVN.Sprint3.Task1.V17.Lib", "Tyuiu.BeketovVN.Sprint3.Task1.V17.Lib\Tyuiu.BeketovVN.Sprint3.Task1.V17.Lib.csproj", "{DA448E00-9A76-44C6-99CD-B79C19F9A8CF}"
EndProject
Project("{FAE04EC0-301F-11D3-BF4B-00C04F79EFBC}") = "Tyuiu.BeketovVN.Sprint3.Task1.V17.Test", "Tyuiu.BeketovVN.Sprint3.Task1.V17.Test\Tyuiu.BeketovVN.Sprint3.Task1.V17.Test.csproj", "{D73D1A69-83DA-42A4-9F84-95C6B5AD5815}"
EndProject
Global
	GlobalSection(SolutionConfigurationPlatforms) = preSolution
		Debug|Any CPU = Debug|Any CPU
		Release|Any CPU = Release|Any CPU
	EndGlobalSection
	GlobalSection(ProjectConfigurationPlatforms) = postSolution
		{C531CC7C-E2F7-47EB-AC80-49FC72A27222}.Debug|Any CPU.ActiveCfg = Debug|Any CPU
		{C531CC7C-E2F7-47EB-AC80-49FC72A27222}.Debug|Any CPU.Build.0 = Debug|Any CPU
		{C531CC7C-E2F7-47EB-AC80-49FC72A27222}.Release|Any CPU.ActiveCfg = Release|Any CPU
		{C531CC7C-E2F7-47EB-AC80-49FC72A27222}.Release|Any CPU.Build.0 = Release|Any CPU
		{D9EF7DAB-43E2-49B4-96C2-3C6D591EBF88}.Debug|Any CPU.ActiveCfg = Debug|Any CPU
		{D9EF7DAB-43E2-49B4-96C2-3C6D591EBF88}.Debug|Any CPU.Build.0 = Debug|Any CPU
		{D9EF7DAB-43E2-49B4-96C2-3C6D591EBF88}.Release|Any CPU.ActiveCfg = Release|Any CPU
		{D9EF7DAB-43E2-49B4-96C2-3C6D591EBF88}.Release|Any CPU.Build.0 = Release|Any CPU
		{80989A5D-46D8-4C32-8576-F0E9F01B5060}.Debug|Any CPU.ActiveCfg = Debug|Any CPU
		{80989A5D-46D8-4C32-8576-F0E9F01B5060}.Debug|Any CPU.Build.0 = Debug|Any CPU
		{80989A5D-46D8-4C32-8576-F0E9F01B5060}.Release|Any CPU.ActiveCfg = Release|Any CPU
		{80989A5D-46D8-4C32-8576-F0E9F01B5060}.Release|Any CPU.Build.0 = Release|Any CPU
		{E418C803-3D70-4628-B5B3-748C5F2C9253}.Debug|Any CPU.ActiveCfg = Debug|Any CPU
		{E418C803-3D70-4628-B5B3-748C5F2C9253}.Debug|Any CPU.Build.0 = Debug|Any CPU
		{E418C803-3D70-4628-B5B3-748C5F2C9253}.Release|Any CPU.ActiveCfg = Release|Any CPU
		{E418C803-3D70-4628-B5B3-748C5F2C9253}.Release|Any CPU.Build.0 = Release|Any CPU
		{DA448E00-9A76-44C6-99CD-B79C19F9A8CF}.Debug|Any CPU.ActiveCfg = Debug|Any CPU
		{DA448E00-9A76-44C6-99CD-B79C19F9A8CF}.Debug|Any CPU.Build.0 = Debug|Any CPU
		{DA448E00-9A76-44C6-99CD-B79C19F9A8CF}.Release|Any CPU.ActiveCfg = Release|Any CPU
		{DA448E00-9A76-44C6-99CD-B79C19F9A8CF}.Release|Any CPU.Build.0 = Release|Any CPU
		{D73D1A69-83DA-42A4-9F84-95C6B5AD5815}.Debug|Any CPU.ActiveCfg = Debug|Any CPU
		{D73D1A69-83DA-42A4-9F84-95C6B5AD5815}.Debug|Any CPU.Build.0 = Debug|Any CPU
		{D73D1A69-83DA-42A4-9F84-95C6B5AD5815}.Release|Any CPU.ActiveCfg = Release|Any CPU
		{D73D1A69-83DA-42A4-9F84-95C6B5AD5815}.Release|Any CPU.Build.0 = Release|Any CPU
	EndGlobalSection
	GlobalSection(SolutionProperties) = preSolution
		HideSolutionNode = FALSE
	EndGlobalSection
	GlobalSection(NestedProjects) = preSolution
		{C531CC7C-E2F7-47EB-AC80-49FC72A27222} = {C6997926-6E7B-4B85-98B6-1DEC092B6EAF}
		{D9EF7DAB-43E2-49B4-96C2-3C6D591EBF88} = {C6997926-6E7B-4B85-98B6-1DEC092B6EAF}
		{80989A5D-46D8-4C32-8576-F0E9F01B5060} = {C6997926-6E7B-4B85-98B6-1DEC092B6EAF}
		{E418C803-3D70-4628-B5B3-748C5F2C9253} = {3AAB9E1E-F30A-4876-AFE2-45EB89A15498}
		{DA448E00-9A76-44C6-99CD-B79C19F9A8CF} = {3AAB9E1E-F30A-4876-AFE2-45EB89A15498}
		{D73D1A69-83DA-42A4-9F84-95C6B5AD5815} = {3AAB9E1E-F30A-4876-AFE2-45EB89A15498}
	EndGlobalSection
	GlobalSection(ExtensibilityGlobals) = postSolution
		SolutionGuid = {DEB99801-56A0-4B58-A10C-87052D33DBA0}
	EndGlobalSection
EndGlobal
